
Microsoft Visual Studio Solution File, Format Version 12.00
# Visual Studio Version 17
VisualStudioVersion = 17.9.34728.123
MinimumVisualStudioVersion = 10.0.40219.1
Project("{FAE04EC0-301F-11D3-BF4B-00C04F79EFBC}") = "SimpleLinkedList", "LinkedList\SimpleLinkedList.csproj", "{1EDDBED4-8C4B-4EE0-AF7D-9CF510A71DE2}"
EndProject
Project("{FAE04EC0-301F-11D3-BF4B-00C04F79EFBC}") = "DoublyLinkedList", "DoublyLinkedList\DoublyLinkedList.csproj", "{5D8DC3FF-0C6F-4A72-BFBA-737E8FD460F7}"
EndProject
Project("{FAE04EC0-301F-11D3-BF4B-00C04F79EFBC}") = "SortedLinkedList", "SortedLinkedList\SortedLinkedList.csproj", "{5B05B6CD-A620-4DC9-9873-2DAC999DFD87}"
EndProject
Project("{FAE04EC0-301F-11D3-BF4B-00C04F79EFBC}") = "BST Tree- TO DO", "BST_Tree\BST Tree- TO DO.csproj", "{3CBAC045-4263-4577-B6A2-8B8802ACC09E}"
EndProject
Project("{FAE04EC0-301F-11D3-BF4B-00C04F79EFBC}") = "Rabin-Karp Search- TO DO", "Rabin-Karp Search\Rabin-Karp Search- TO DO.csproj", "{3FFB9016-6185-4EC6-925B-E41AD41126DB}"
EndProject
Project("{FAE04EC0-301F-11D3-BF4B-00C04F79EFBC}") = "KMP Search- TO DO", "KMP Search\KMP Search- TO DO.csproj", "{7CC9F7FE-9F7C-4195-8285-4C40CFE5B7D7}"
EndProject
Project("{9A19103F-16F7-4668-BE54-9A1E7A4F7556}") = "SimpleLinkedListXUnitTest", "LinkedListTest\SimpleLinkedListXUnitTest.csproj", "{BFFDADF8-DDF9-41F7-8FB8-F0747F802A88}"
EndProject
Project("{9A19103F-16F7-4668-BE54-9A1E7A4F7556}") = "SortedLinkedListXUnitTest", "SortedLinkedListXUnitTest\SortedLinkedListXUnitTest.csproj", "{6EC8F971-4971-4CF1-9F6E-0CAC9311C10B}"
EndProject
Project("{9A19103F-16F7-4668-BE54-9A1E7A4F7556}") = "BSTTreeXUnitTest", "BSTTreeXUnitTest\BSTTreeXUnitTest.csproj", "{17E6C2AF-561E-41A8-B213-659CC3388D38}"
EndProject
Project("{2150E333-8FDC-42A3-9474-1A3956D46DE8}") = "BST_Tree", "BST_Tree", "{603EF1A4-E668-45D5-BF90-63ACECA698F6}"
EndProject
Project("{2150E333-8FDC-42A3-9474-1A3956D46DE8}") = "Doubly Linked List", "Doubly Linked List", "{E0DE6B26-E8AF-4AEB-9A47-7515F10AC347}"
EndProject
Project("{2150E333-8FDC-42A3-9474-1A3956D46DE8}") = "Simple Linked List", "Simple Linked List", "{79EA9867-891C-48E8-9E34-40527049D6DA}"
EndProject
Project("{2150E333-8FDC-42A3-9474-1A3956D46DE8}") = "Sorted Linked List", "Sorted Linked List", "{EDFFBDB7-B234-46EC-B2F8-2EC6F57F5E67}"
EndProject
Project("{2150E333-8FDC-42A3-9474-1A3956D46DE8}") = "Search", "Search", "{3F1F229C-B826-48B3-8D6D-EC081075B750}"
EndProject
Project("{2150E333-8FDC-42A3-9474-1A3956D46DE8}") = "Strings Search", "Strings Search", "{BC1E537C-EF96-4714-97F1-4B13D4B5B8DE}"
EndProject
Project("{FAE04EC0-301F-11D3-BF4B-00C04F79EFBC}") = "LinearSearch", "LinearSearch\LinearSearch.csproj", "{1E54B85C-3B06-4C11-9B8D-20EADD93EBD1}"
EndProject
Project("{FAE04EC0-301F-11D3-BF4B-00C04F79EFBC}") = "BinarySearch", "BinarySearch\BinarySearch.csproj", "{602BD835-A4C3-49E3-9793-B1938EECB7F2}"
EndProject
Project("{FAE04EC0-301F-11D3-BF4B-00C04F79EFBC}") = "LinearStringSearch", "LinearStringSearch\LinearStringSearch.csproj", "{05420639-4EAC-41B2-A0EE-27E2F1BCC1EA}"
EndProject
Project("{9A19103F-16F7-4668-BE54-9A1E7A4F7556}") = "LinearStringSearchXUnitTest", "LinearStringSearchXUnitTest\LinearStringSearchXUnitTest.csproj", "{B3DB5592-5476-4B8C-9C13-A6BB015C6FC0}"
EndProject
Project("{2150E333-8FDC-42A3-9474-1A3956D46DE8}") = "Sorting", "Sorting", "{B168274C-DD24-4226-8FB3-BEE55814F600}"
	ProjectSection(SolutionItems) = preProject
		Sortings TO DO.txt = Sortings TO DO.txt
	EndProjectSection
EndProject
Project("{FAE04EC0-301F-11D3-BF4B-00C04F79EFBC}") = "BubbleSort", "BubbleSort\BubbleSort.csproj", "{770954B9-E4D2-4F12-85B2-E3CDA35BDFD2}"
EndProject
Project("{FAE04EC0-301F-11D3-BF4B-00C04F79EFBC}") = "InsertionSort", "InsertionSort\InsertionSort.csproj", "{3AF26694-FF7E-4BD1-B001-D8FB926CEBCD}"
EndProject
Project("{FAE04EC0-301F-11D3-BF4B-00C04F79EFBC}") = "SelectionSort", "SelectionSort\SelectionSort.csproj", "{21392585-B544-4D6A-9DD1-E8C129348C18}"
EndProject
Project("{FAE04EC0-301F-11D3-BF4B-00C04F79EFBC}") = "SortingComparator", "SortingComparator\SortingComparator.csproj", "{1E65EC42-A6A0-45F2-9400-85C5E71BDFE1}"
EndProject
Project("{2150E333-8FDC-42A3-9474-1A3956D46DE8}") = "Dynamic Programming", "Dynamic Programming", "{2595E501-607A-4522-9D47-452F6E4D9C71}"
EndProject
Project("{FAE04EC0-301F-11D3-BF4B-00C04F79EFBC}") = "StringSearchComparator", "StringSearchComparator\StringSearchComparator.csproj", "{B5D14A2B-959F-4860-84E8-299F2B179EDD}"
EndProject
Project("{FAE04EC0-301F-11D3-BF4B-00C04F79EFBC}") = "Rabin-Karp Search XUnitTest", "Rabin-Karp Search XUnitTest\Rabin-Karp Search XUnitTest.csproj", "{B4193F01-E9EE-4C46-8AF0-1CAEFAD381CE}"
EndProject
Project("{FAE04EC0-301F-11D3-BF4B-00C04F79EFBC}") = "KMP Search XUnitTest", "KMP Search XUnitTest\KMP Search XUnitTest.csproj", "{8A0269F4-A927-441E-B637-986D6A2392D9}"
EndProject
Project("{2150E333-8FDC-42A3-9474-1A3956D46DE8}") = "Liner Programming", "Liner Programming", "{B923091B-E25A-42C5-BE82-2A125869547B}"
EndProject
Project("{2150E333-8FDC-42A3-9474-1A3956D46DE8}") = "Others", "Others", "{15017C08-E60D-41AE-BA90-14CC996F9CA6}"
EndProject
Project("{FAE04EC0-301F-11D3-BF4B-00C04F79EFBC}") = "SortedArraysMerge", "SortedArraysMerge\SortedArraysMerge.csproj", "{43A05C32-293A-4E21-8554-9B6E3460F575}"
EndProject
Global
	GlobalSection(SolutionConfigurationPlatforms) = preSolution
		Debug|Any CPU = Debug|Any CPU
		Debug|x64 = Debug|x64
		Release|Any CPU = Release|Any CPU
		Release|x64 = Release|x64
	EndGlobalSection
	GlobalSection(ProjectConfigurationPlatforms) = postSolution
		{1EDDBED4-8C4B-4EE0-AF7D-9CF510A71DE2}.Debug|Any CPU.ActiveCfg = Debug|Any CPU
		{1EDDBED4-8C4B-4EE0-AF7D-9CF510A71DE2}.Debug|Any CPU.Build.0 = Debug|Any CPU
		{1EDDBED4-8C4B-4EE0-AF7D-9CF510A71DE2}.Debug|x64.ActiveCfg = Debug|x64
		{1EDDBED4-8C4B-4EE0-AF7D-9CF510A71DE2}.Debug|x64.Build.0 = Debug|x64
		{1EDDBED4-8C4B-4EE0-AF7D-9CF510A71DE2}.Release|Any CPU.ActiveCfg = Release|x64
		{1EDDBED4-8C4B-4EE0-AF7D-9CF510A71DE2}.Release|x64.ActiveCfg = Release|x64
		{1EDDBED4-8C4B-4EE0-AF7D-9CF510A71DE2}.Release|x64.Build.0 = Release|x64
		{5D8DC3FF-0C6F-4A72-BFBA-737E8FD460F7}.Debug|Any CPU.ActiveCfg = Debug|Any CPU
		{5D8DC3FF-0C6F-4A72-BFBA-737E8FD460F7}.Debug|Any CPU.Build.0 = Debug|Any CPU
		{5D8DC3FF-0C6F-4A72-BFBA-737E8FD460F7}.Debug|x64.ActiveCfg = Debug|x64
		{5D8DC3FF-0C6F-4A72-BFBA-737E8FD460F7}.Debug|x64.Build.0 = Debug|x64
		{5D8DC3FF-0C6F-4A72-BFBA-737E8FD460F7}.Release|Any CPU.ActiveCfg = Release|Any CPU
		{5D8DC3FF-0C6F-4A72-BFBA-737E8FD460F7}.Release|Any CPU.Build.0 = Release|Any CPU
		{5D8DC3FF-0C6F-4A72-BFBA-737E8FD460F7}.Release|x64.ActiveCfg = Release|x64
		{5D8DC3FF-0C6F-4A72-BFBA-737E8FD460F7}.Release|x64.Build.0 = Release|x64
		{5B05B6CD-A620-4DC9-9873-2DAC999DFD87}.Debug|Any CPU.ActiveCfg = Debug|Any CPU
		{5B05B6CD-A620-4DC9-9873-2DAC999DFD87}.Debug|Any CPU.Build.0 = Debug|Any CPU
		{5B05B6CD-A620-4DC9-9873-2DAC999DFD87}.Debug|x64.ActiveCfg = Debug|x64
		{5B05B6CD-A620-4DC9-9873-2DAC999DFD87}.Debug|x64.Build.0 = Debug|x64
		{5B05B6CD-A620-4DC9-9873-2DAC999DFD87}.Release|Any CPU.ActiveCfg = Release|Any CPU
		{5B05B6CD-A620-4DC9-9873-2DAC999DFD87}.Release|Any CPU.Build.0 = Release|Any CPU
		{5B05B6CD-A620-4DC9-9873-2DAC999DFD87}.Release|x64.ActiveCfg = Release|x64
		{5B05B6CD-A620-4DC9-9873-2DAC999DFD87}.Release|x64.Build.0 = Release|x64
		{3CBAC045-4263-4577-B6A2-8B8802ACC09E}.Debug|Any CPU.ActiveCfg = Debug|Any CPU
		{3CBAC045-4263-4577-B6A2-8B8802ACC09E}.Debug|Any CPU.Build.0 = Debug|Any CPU
		{3CBAC045-4263-4577-B6A2-8B8802ACC09E}.Debug|x64.ActiveCfg = Debug|x64
		{3CBAC045-4263-4577-B6A2-8B8802ACC09E}.Debug|x64.Build.0 = Debug|x64
		{3CBAC045-4263-4577-B6A2-8B8802ACC09E}.Release|Any CPU.ActiveCfg = Release|Any CPU
		{3CBAC045-4263-4577-B6A2-8B8802ACC09E}.Release|Any CPU.Build.0 = Release|Any CPU
		{3CBAC045-4263-4577-B6A2-8B8802ACC09E}.Release|x64.ActiveCfg = Release|x64
		{3CBAC045-4263-4577-B6A2-8B8802ACC09E}.Release|x64.Build.0 = Release|x64
		{3FFB9016-6185-4EC6-925B-E41AD41126DB}.Debug|Any CPU.ActiveCfg = Debug|Any CPU
		{3FFB9016-6185-4EC6-925B-E41AD41126DB}.Debug|Any CPU.Build.0 = Debug|Any CPU
		{3FFB9016-6185-4EC6-925B-E41AD41126DB}.Debug|x64.ActiveCfg = Debug|x64
		{3FFB9016-6185-4EC6-925B-E41AD41126DB}.Debug|x64.Build.0 = Debug|x64
		{3FFB9016-6185-4EC6-925B-E41AD41126DB}.Release|Any CPU.ActiveCfg = Release|Any CPU
		{3FFB9016-6185-4EC6-925B-E41AD41126DB}.Release|Any CPU.Build.0 = Release|Any CPU
		{3FFB9016-6185-4EC6-925B-E41AD41126DB}.Release|x64.ActiveCfg = Release|x64
		{3FFB9016-6185-4EC6-925B-E41AD41126DB}.Release|x64.Build.0 = Release|x64
		{7CC9F7FE-9F7C-4195-8285-4C40CFE5B7D7}.Debug|Any CPU.ActiveCfg = Debug|Any CPU
		{7CC9F7FE-9F7C-4195-8285-4C40CFE5B7D7}.Debug|Any CPU.Build.0 = Debug|Any CPU
		{7CC9F7FE-9F7C-4195-8285-4C40CFE5B7D7}.Debug|x64.ActiveCfg = Debug|x64
		{7CC9F7FE-9F7C-4195-8285-4C40CFE5B7D7}.Debug|x64.Build.0 = Debug|x64
		{7CC9F7FE-9F7C-4195-8285-4C40CFE5B7D7}.Release|Any CPU.ActiveCfg = Release|Any CPU
		{7CC9F7FE-9F7C-4195-8285-4C40CFE5B7D7}.Release|Any CPU.Build.0 = Release|Any CPU
		{7CC9F7FE-9F7C-4195-8285-4C40CFE5B7D7}.Release|x64.ActiveCfg = Release|x64
		{7CC9F7FE-9F7C-4195-8285-4C40CFE5B7D7}.Release|x64.Build.0 = Release|x64
		{BFFDADF8-DDF9-41F7-8FB8-F0747F802A88}.Debug|Any CPU.ActiveCfg = Debug|Any CPU
		{BFFDADF8-DDF9-41F7-8FB8-F0747F802A88}.Debug|Any CPU.Build.0 = Debug|Any CPU
		{BFFDADF8-DDF9-41F7-8FB8-F0747F802A88}.Debug|x64.ActiveCfg = Debug|x64
		{BFFDADF8-DDF9-41F7-8FB8-F0747F802A88}.Debug|x64.Build.0 = Debug|x64
		{BFFDADF8-DDF9-41F7-8FB8-F0747F802A88}.Release|Any CPU.ActiveCfg = Release|Any CPU
		{BFFDADF8-DDF9-41F7-8FB8-F0747F802A88}.Release|Any CPU.Build.0 = Release|Any CPU
		{BFFDADF8-DDF9-41F7-8FB8-F0747F802A88}.Release|x64.ActiveCfg = Release|x64
		{BFFDADF8-DDF9-41F7-8FB8-F0747F802A88}.Release|x64.Build.0 = Release|x64
		{6EC8F971-4971-4CF1-9F6E-0CAC9311C10B}.Debug|Any CPU.ActiveCfg = Debug|Any CPU
		{6EC8F971-4971-4CF1-9F6E-0CAC9311C10B}.Debug|Any CPU.Build.0 = Debug|Any CPU
		{6EC8F971-4971-4CF1-9F6E-0CAC9311C10B}.Debug|x64.ActiveCfg = Debug|x64
		{6EC8F971-4971-4CF1-9F6E-0CAC9311C10B}.Debug|x64.Build.0 = Debug|x64
		{6EC8F971-4971-4CF1-9F6E-0CAC9311C10B}.Release|Any CPU.ActiveCfg = Release|Any CPU
		{6EC8F971-4971-4CF1-9F6E-0CAC9311C10B}.Release|Any CPU.Build.0 = Release|Any CPU
		{6EC8F971-4971-4CF1-9F6E-0CAC9311C10B}.Release|x64.ActiveCfg = Release|Any CPU
		{6EC8F971-4971-4CF1-9F6E-0CAC9311C10B}.Release|x64.Build.0 = Release|Any CPU
		{17E6C2AF-561E-41A8-B213-659CC3388D38}.Debug|Any CPU.ActiveCfg = Debug|Any CPU
		{17E6C2AF-561E-41A8-B213-659CC3388D38}.Debug|Any CPU.Build.0 = Debug|Any CPU
		{17E6C2AF-561E-41A8-B213-659CC3388D38}.Debug|x64.ActiveCfg = Debug|x64
		{17E6C2AF-561E-41A8-B213-659CC3388D38}.Debug|x64.Build.0 = Debug|x64
		{17E6C2AF-561E-41A8-B213-659CC3388D38}.Release|Any CPU.ActiveCfg = Release|Any CPU
		{17E6C2AF-561E-41A8-B213-659CC3388D38}.Release|Any CPU.Build.0 = Release|Any CPU
		{17E6C2AF-561E-41A8-B213-659CC3388D38}.Release|x64.ActiveCfg = Release|Any CPU
		{17E6C2AF-561E-41A8-B213-659CC3388D38}.Release|x64.Build.0 = Release|Any CPU
		{1E54B85C-3B06-4C11-9B8D-20EADD93EBD1}.Debug|Any CPU.ActiveCfg = Debug|Any CPU
		{1E54B85C-3B06-4C11-9B8D-20EADD93EBD1}.Debug|Any CPU.Build.0 = Debug|Any CPU
		{1E54B85C-3B06-4C11-9B8D-20EADD93EBD1}.Debug|x64.ActiveCfg = Debug|x64
		{1E54B85C-3B06-4C11-9B8D-20EADD93EBD1}.Debug|x64.Build.0 = Debug|x64
		{1E54B85C-3B06-4C11-9B8D-20EADD93EBD1}.Release|Any CPU.ActiveCfg = Release|Any CPU
		{1E54B85C-3B06-4C11-9B8D-20EADD93EBD1}.Release|Any CPU.Build.0 = Release|Any CPU
		{1E54B85C-3B06-4C11-9B8D-20EADD93EBD1}.Release|x64.ActiveCfg = Release|Any CPU
		{1E54B85C-3B06-4C11-9B8D-20EADD93EBD1}.Release|x64.Build.0 = Release|Any CPU
		{602BD835-A4C3-49E3-9793-B1938EECB7F2}.Debug|Any CPU.ActiveCfg = Debug|Any CPU
		{602BD835-A4C3-49E3-9793-B1938EECB7F2}.Debug|Any CPU.Build.0 = Debug|Any CPU
		{602BD835-A4C3-49E3-9793-B1938EECB7F2}.Debug|x64.ActiveCfg = Debug|x64
		{602BD835-A4C3-49E3-9793-B1938EECB7F2}.Debug|x64.Build.0 = Debug|x64
		{602BD835-A4C3-49E3-9793-B1938EECB7F2}.Release|Any CPU.ActiveCfg = Release|Any CPU
		{602BD835-A4C3-49E3-9793-B1938EECB7F2}.Release|Any CPU.Build.0 = Release|Any CPU
		{602BD835-A4C3-49E3-9793-B1938EECB7F2}.Release|x64.ActiveCfg = Release|Any CPU
		{602BD835-A4C3-49E3-9793-B1938EECB7F2}.Release|x64.Build.0 = Release|Any CPU
		{05420639-4EAC-41B2-A0EE-27E2F1BCC1EA}.Debug|Any CPU.ActiveCfg = Debug|Any CPU
		{05420639-4EAC-41B2-A0EE-27E2F1BCC1EA}.Debug|Any CPU.Build.0 = Debug|Any CPU
		{05420639-4EAC-41B2-A0EE-27E2F1BCC1EA}.Debug|x64.ActiveCfg = Debug|x64
		{05420639-4EAC-41B2-A0EE-27E2F1BCC1EA}.Debug|x64.Build.0 = Debug|x64
		{05420639-4EAC-41B2-A0EE-27E2F1BCC1EA}.Release|Any CPU.ActiveCfg = Release|Any CPU
		{05420639-4EAC-41B2-A0EE-27E2F1BCC1EA}.Release|Any CPU.Build.0 = Release|Any CPU
		{05420639-4EAC-41B2-A0EE-27E2F1BCC1EA}.Release|x64.ActiveCfg = Release|Any CPU
		{05420639-4EAC-41B2-A0EE-27E2F1BCC1EA}.Release|x64.Build.0 = Release|Any CPU
		{B3DB5592-5476-4B8C-9C13-A6BB015C6FC0}.Debug|Any CPU.ActiveCfg = Debug|Any CPU
		{B3DB5592-5476-4B8C-9C13-A6BB015C6FC0}.Debug|Any CPU.Build.0 = Debug|Any CPU
		{B3DB5592-5476-4B8C-9C13-A6BB015C6FC0}.Debug|x64.ActiveCfg = Debug|x64
		{B3DB5592-5476-4B8C-9C13-A6BB015C6FC0}.Debug|x64.Build.0 = Debug|x64
		{B3DB5592-5476-4B8C-9C13-A6BB015C6FC0}.Release|Any CPU.ActiveCfg = Release|Any CPU
		{B3DB5592-5476-4B8C-9C13-A6BB015C6FC0}.Release|Any CPU.Build.0 = Release|Any CPU
		{B3DB5592-5476-4B8C-9C13-A6BB015C6FC0}.Release|x64.ActiveCfg = Release|Any CPU
		{B3DB5592-5476-4B8C-9C13-A6BB015C6FC0}.Release|x64.Build.0 = Release|Any CPU
		{770954B9-E4D2-4F12-85B2-E3CDA35BDFD2}.Debug|Any CPU.ActiveCfg = Debug|Any CPU
		{770954B9-E4D2-4F12-85B2-E3CDA35BDFD2}.Debug|Any CPU.Build.0 = Debug|Any CPU
		{770954B9-E4D2-4F12-85B2-E3CDA35BDFD2}.Debug|x64.ActiveCfg = Debug|Any CPU
		{770954B9-E4D2-4F12-85B2-E3CDA35BDFD2}.Debug|x64.Build.0 = Debug|Any CPU
		{770954B9-E4D2-4F12-85B2-E3CDA35BDFD2}.Release|Any CPU.ActiveCfg = Release|Any CPU
		{770954B9-E4D2-4F12-85B2-E3CDA35BDFD2}.Release|Any CPU.Build.0 = Release|Any CPU
		{770954B9-E4D2-4F12-85B2-E3CDA35BDFD2}.Release|x64.ActiveCfg = Release|Any CPU
		{770954B9-E4D2-4F12-85B2-E3CDA35BDFD2}.Release|x64.Build.0 = Release|Any CPU
		{3AF26694-FF7E-4BD1-B001-D8FB926CEBCD}.Debug|Any CPU.ActiveCfg = Debug|Any CPU
		{3AF26694-FF7E-4BD1-B001-D8FB926CEBCD}.Debug|Any CPU.Build.0 = Debug|Any CPU
		{3AF26694-FF7E-4BD1-B001-D8FB926CEBCD}.Debug|x64.ActiveCfg = Debug|Any CPU
		{3AF26694-FF7E-4BD1-B001-D8FB926CEBCD}.Debug|x64.Build.0 = Debug|Any CPU
		{3AF26694-FF7E-4BD1-B001-D8FB926CEBCD}.Release|Any CPU.ActiveCfg = Release|Any CPU
		{3AF26694-FF7E-4BD1-B001-D8FB926CEBCD}.Release|Any CPU.Build.0 = Release|Any CPU
		{3AF26694-FF7E-4BD1-B001-D8FB926CEBCD}.Release|x64.ActiveCfg = Release|Any CPU
		{3AF26694-FF7E-4BD1-B001-D8FB926CEBCD}.Release|x64.Build.0 = Release|Any CPU
		{21392585-B544-4D6A-9DD1-E8C129348C18}.Debug|Any CPU.ActiveCfg = Debug|Any CPU
		{21392585-B544-4D6A-9DD1-E8C129348C18}.Debug|Any CPU.Build.0 = Debug|Any CPU
		{21392585-B544-4D6A-9DD1-E8C129348C18}.Debug|x64.ActiveCfg = Debug|Any CPU
		{21392585-B544-4D6A-9DD1-E8C129348C18}.Debug|x64.Build.0 = Debug|Any CPU
		{21392585-B544-4D6A-9DD1-E8C129348C18}.Release|Any CPU.ActiveCfg = Release|Any CPU
		{21392585-B544-4D6A-9DD1-E8C129348C18}.Release|Any CPU.Build.0 = Release|Any CPU
		{21392585-B544-4D6A-9DD1-E8C129348C18}.Release|x64.ActiveCfg = Release|Any CPU
		{21392585-B544-4D6A-9DD1-E8C129348C18}.Release|x64.Build.0 = Release|Any CPU
		{1E65EC42-A6A0-45F2-9400-85C5E71BDFE1}.Debug|Any CPU.ActiveCfg = Debug|Any CPU
		{1E65EC42-A6A0-45F2-9400-85C5E71BDFE1}.Debug|Any CPU.Build.0 = Debug|Any CPU
		{1E65EC42-A6A0-45F2-9400-85C5E71BDFE1}.Debug|x64.ActiveCfg = Debug|Any CPU
		{1E65EC42-A6A0-45F2-9400-85C5E71BDFE1}.Debug|x64.Build.0 = Debug|Any CPU
		{1E65EC42-A6A0-45F2-9400-85C5E71BDFE1}.Release|Any CPU.ActiveCfg = Release|Any CPU
		{1E65EC42-A6A0-45F2-9400-85C5E71BDFE1}.Release|Any CPU.Build.0 = Release|Any CPU
		{1E65EC42-A6A0-45F2-9400-85C5E71BDFE1}.Release|x64.ActiveCfg = Release|Any CPU
		{1E65EC42-A6A0-45F2-9400-85C5E71BDFE1}.Release|x64.Build.0 = Release|Any CPU
		{B5D14A2B-959F-4860-84E8-299F2B179EDD}.Debug|Any CPU.ActiveCfg = Debug|Any CPU
		{B5D14A2B-959F-4860-84E8-299F2B179EDD}.Debug|Any CPU.Build.0 = Debug|Any CPU
		{B5D14A2B-959F-4860-84E8-299F2B179EDD}.Debug|x64.ActiveCfg = Debug|Any CPU
		{B5D14A2B-959F-4860-84E8-299F2B179EDD}.Debug|x64.Build.0 = Debug|Any CPU
		{B5D14A2B-959F-4860-84E8-299F2B179EDD}.Release|Any CPU.ActiveCfg = Release|Any CPU
		{B5D14A2B-959F-4860-84E8-299F2B179EDD}.Release|Any CPU.Build.0 = Release|Any CPU
		{B5D14A2B-959F-4860-84E8-299F2B179EDD}.Release|x64.ActiveCfg = Release|Any CPU
		{B5D14A2B-959F-4860-84E8-299F2B179EDD}.Release|x64.Build.0 = Release|Any CPU
		{B4193F01-E9EE-4C46-8AF0-1CAEFAD381CE}.Debug|Any CPU.ActiveCfg = Debug|Any CPU
		{B4193F01-E9EE-4C46-8AF0-1CAEFAD381CE}.Debug|Any CPU.Build.0 = Debug|Any CPU
		{B4193F01-E9EE-4C46-8AF0-1CAEFAD381CE}.Debug|x64.ActiveCfg = Debug|Any CPU
		{B4193F01-E9EE-4C46-8AF0-1CAEFAD381CE}.Debug|x64.Build.0 = Debug|Any CPU
		{B4193F01-E9EE-4C46-8AF0-1CAEFAD381CE}.Release|Any CPU.ActiveCfg = Release|Any CPU
		{B4193F01-E9EE-4C46-8AF0-1CAEFAD381CE}.Release|Any CPU.Build.0 = Release|Any CPU
		{B4193F01-E9EE-4C46-8AF0-1CAEFAD381CE}.Release|x64.ActiveCfg = Release|Any CPU
		{B4193F01-E9EE-4C46-8AF0-1CAEFAD381CE}.Release|x64.Build.0 = Release|Any CPU
		{8A0269F4-A927-441E-B637-986D6A2392D9}.Debug|Any CPU.ActiveCfg = Debug|Any CPU
		{8A0269F4-A927-441E-B637-986D6A2392D9}.Debug|Any CPU.Build.0 = Debug|Any CPU
		{8A0269F4-A927-441E-B637-986D6A2392D9}.Debug|x64.ActiveCfg = Debug|Any CPU
		{8A0269F4-A927-441E-B637-986D6A2392D9}.Debug|x64.Build.0 = Debug|Any CPU
		{8A0269F4-A927-441E-B637-986D6A2392D9}.Release|Any CPU.ActiveCfg = Release|Any CPU
		{8A0269F4-A927-441E-B637-986D6A2392D9}.Release|Any CPU.Build.0 = Release|Any CPU
		{8A0269F4-A927-441E-B637-986D6A2392D9}.Release|x64.ActiveCfg = Release|Any CPU
		{8A0269F4-A927-441E-B637-986D6A2392D9}.Release|x64.Build.0 = Release|Any CPU
		{43A05C32-293A-4E21-8554-9B6E3460F575}.Debug|Any CPU.ActiveCfg = Debug|Any CPU
		{43A05C32-293A-4E21-8554-9B6E3460F575}.Debug|Any CPU.Build.0 = Debug|Any CPU
		{43A05C32-293A-4E21-8554-9B6E3460F575}.Debug|x64.ActiveCfg = Debug|Any CPU
		{43A05C32-293A-4E21-8554-9B6E3460F575}.Debug|x64.Build.0 = Debug|Any CPU
		{43A05C32-293A-4E21-8554-9B6E3460F575}.Release|Any CPU.ActiveCfg = Release|Any CPU
		{43A05C32-293A-4E21-8554-9B6E3460F575}.Release|Any CPU.Build.0 = Release|Any CPU
		{43A05C32-293A-4E21-8554-9B6E3460F575}.Release|x64.ActiveCfg = Release|Any CPU
		{43A05C32-293A-4E21-8554-9B6E3460F575}.Release|x64.Build.0 = Release|Any CPU
	EndGlobalSection
	GlobalSection(SolutionProperties) = preSolution
		HideSolutionNode = FALSE
	EndGlobalSection
	GlobalSection(NestedProjects) = preSolution
		{1EDDBED4-8C4B-4EE0-AF7D-9CF510A71DE2} = {79EA9867-891C-48E8-9E34-40527049D6DA}
		{5D8DC3FF-0C6F-4A72-BFBA-737E8FD460F7} = {E0DE6B26-E8AF-4AEB-9A47-7515F10AC347}
		{5B05B6CD-A620-4DC9-9873-2DAC999DFD87} = {EDFFBDB7-B234-46EC-B2F8-2EC6F57F5E67}
		{3CBAC045-4263-4577-B6A2-8B8802ACC09E} = {603EF1A4-E668-45D5-BF90-63ACECA698F6}
		{3FFB9016-6185-4EC6-925B-E41AD41126DB} = {BC1E537C-EF96-4714-97F1-4B13D4B5B8DE}
		{7CC9F7FE-9F7C-4195-8285-4C40CFE5B7D7} = {BC1E537C-EF96-4714-97F1-4B13D4B5B8DE}
		{BFFDADF8-DDF9-41F7-8FB8-F0747F802A88} = {79EA9867-891C-48E8-9E34-40527049D6DA}
		{6EC8F971-4971-4CF1-9F6E-0CAC9311C10B} = {EDFFBDB7-B234-46EC-B2F8-2EC6F57F5E67}
		{17E6C2AF-561E-41A8-B213-659CC3388D38} = {603EF1A4-E668-45D5-BF90-63ACECA698F6}
		{1E54B85C-3B06-4C11-9B8D-20EADD93EBD1} = {3F1F229C-B826-48B3-8D6D-EC081075B750}
		{602BD835-A4C3-49E3-9793-B1938EECB7F2} = {3F1F229C-B826-48B3-8D6D-EC081075B750}
		{05420639-4EAC-41B2-A0EE-27E2F1BCC1EA} = {BC1E537C-EF96-4714-97F1-4B13D4B5B8DE}
		{B3DB5592-5476-4B8C-9C13-A6BB015C6FC0} = {BC1E537C-EF96-4714-97F1-4B13D4B5B8DE}
		{770954B9-E4D2-4F12-85B2-E3CDA35BDFD2} = {B168274C-DD24-4226-8FB3-BEE55814F600}
		{3AF26694-FF7E-4BD1-B001-D8FB926CEBCD} = {B168274C-DD24-4226-8FB3-BEE55814F600}
		{21392585-B544-4D6A-9DD1-E8C129348C18} = {B168274C-DD24-4226-8FB3-BEE55814F600}
		{1E65EC42-A6A0-45F2-9400-85C5E71BDFE1} = {B168274C-DD24-4226-8FB3-BEE55814F600}
		{B5D14A2B-959F-4860-84E8-299F2B179EDD} = {BC1E537C-EF96-4714-97F1-4B13D4B5B8DE}
		{B4193F01-E9EE-4C46-8AF0-1CAEFAD381CE} = {BC1E537C-EF96-4714-97F1-4B13D4B5B8DE}
		{8A0269F4-A927-441E-B637-986D6A2392D9} = {BC1E537C-EF96-4714-97F1-4B13D4B5B8DE}
		{43A05C32-293A-4E21-8554-9B6E3460F575} = {15017C08-E60D-41AE-BA90-14CC996F9CA6}
	EndGlobalSection
	GlobalSection(ExtensibilityGlobals) = postSolution
		SolutionGuid = {7A006C46-D113-46E8-99F7-8D2985EF3F8D}
	EndGlobalSection
EndGlobal
